
Microsoft Visual Studio Solution File, Format Version 12.00
# Visual Studio 15
VisualStudioVersion = 15.0.28307.421
MinimumVisualStudioVersion = 10.0.40219.1
Project("{8BC9CEB8-8B4A-11D0-8D11-00A0C91BC942}") = "OOP_Lab_01.Task_01", "OOP_Lab_01.Task_01\OOP_Lab_01.Task_01.vcxproj", "{41221DE8-8A5A-419C-9CD8-195002B7AD66}"
EndProject
Project("{8BC9CEB8-8B4A-11D0-8D11-00A0C91BC942}") = "OOP_Lab_02.Task_02", "OOP_Lab_02.Task_02\OOP_Lab_02.Task_02.vcxproj", "{063D0C97-EDA7-4CB2-8E2F-95BB6416D947}"
EndProject
Project("{8BC9CEB8-8B4A-11D0-8D11-00A0C91BC942}") = "OOP_Lab_03.Task_01", "OOP_Lab_03.Task_01\OOP_Lab_03.Task_01.vcxproj", "{FA403D82-A04C-4E33-B290-39ED79C42023}"
EndProject
Global
	GlobalSection(SolutionConfigurationPlatforms) = preSolution
		Debug|x64 = Debug|x64
		Debug|x86 = Debug|x86
		Release|x64 = Release|x64
		Release|x86 = Release|x86
	EndGlobalSection
	GlobalSection(ProjectConfigurationPlatforms) = postSolution
		{41221DE8-8A5A-419C-9CD8-195002B7AD66}.Debug|x64.ActiveCfg = Debug|x64
		{41221DE8-8A5A-419C-9CD8-195002B7AD66}.Debug|x64.Build.0 = Debug|x64
		{41221DE8-8A5A-419C-9CD8-195002B7AD66}.Debug|x86.ActiveCfg = Debug|Win32
		{41221DE8-8A5A-419C-9CD8-195002B7AD66}.Debug|x86.Build.0 = Debug|Win32
		{41221DE8-8A5A-419C-9CD8-195002B7AD66}.Release|x64.ActiveCfg = Release|x64
		{41221DE8-8A5A-419C-9CD8-195002B7AD66}.Release|x64.Build.0 = Release|x64
		{41221DE8-8A5A-419C-9CD8-195002B7AD66}.Release|x86.ActiveCfg = Release|Win32
		{41221DE8-8A5A-419C-9CD8-195002B7AD66}.Release|x86.Build.0 = Release|Win32
		{063D0C97-EDA7-4CB2-8E2F-95BB6416D947}.Debug|x64.ActiveCfg = Debug|x64
		{063D0C97-EDA7-4CB2-8E2F-95BB6416D947}.Debug|x64.Build.0 = Debug|x64
		{063D0C97-EDA7-4CB2-8E2F-95BB6416D947}.Debug|x86.ActiveCfg = Debug|Win32
		{063D0C97-EDA7-4CB2-8E2F-95BB6416D947}.Debug|x86.Build.0 = Debug|Win32
		{063D0C97-EDA7-4CB2-8E2F-95BB6416D947}.Release|x64.ActiveCfg = Release|x64
		{063D0C97-EDA7-4CB2-8E2F-95BB6416D947}.Release|x64.Build.0 = Release|x64
		{063D0C97-EDA7-4CB2-8E2F-95BB6416D947}.Release|x86.ActiveCfg = Release|Win32
		{063D0C97-EDA7-4CB2-8E2F-95BB6416D947}.Release|x86.Build.0 = Release|Win32
		{FA403D82-A04C-4E33-B290-39ED79C42023}.Debug|x64.ActiveCfg = Debug|x64
		{FA403D82-A04C-4E33-B290-39ED79C42023}.Debug|x64.Build.0 = Debug|x64
		{FA403D82-A04C-4E33-B290-39ED79C42023}.Debug|x86.ActiveCfg = Debug|Win32
		{FA403D82-A04C-4E33-B290-39ED79C42023}.Debug|x86.Build.0 = Debug|Win32
		{FA403D82-A04C-4E33-B290-39ED79C42023}.Release|x64.ActiveCfg = Release|x64
		{FA403D82-A04C-4E33-B290-39ED79C42023}.Release|x64.Build.0 = Release|x64
		{FA403D82-A04C-4E33-B290-39ED79C42023}.Release|x86.ActiveCfg = Release|Win32
		{FA403D82-A04C-4E33-B290-39ED79C42023}.Release|x86.Build.0 = Release|Win32
	EndGlobalSection
	GlobalSection(SolutionProperties) = preSolution
		HideSolutionNode = FALSE
	EndGlobalSection
	GlobalSection(ExtensibilityGlobals) = postSolution
		SolutionGuid = {4CD23141-DD7F-4236-93A3-24A0DA5275AC}
	EndGlobalSection
EndGlobal
